
Microsoft Visual Studio Solution File, Format Version 12.00
# Visual Studio Version 17
VisualStudioVersion = 17.5.33414.496
MinimumVisualStudioVersion = 10.0.40219.1
Project("{FAE04EC0-301F-11D3-BF4B-00C04F79EFBC}") = "PacketParserGenerator", "PacketParserGenerator\PacketParserGenerator.csproj", "{24494245-BA98-4074-AE80-FE9EBC41FDB8}"
EndProject
Project("{2150E333-8FDC-42A3-9474-1A3956D46DE8}") = "SourceGenerator", "SourceGenerator", "{25914A9F-81DE-4B82-898A-2E0D6876EE71}"
EndProject
Project("{FAE04EC0-301F-11D3-BF4B-00C04F79EFBC}") = "Protocol", "Protocol\Protocol.csproj", "{703DFA76-3EB7-4902-BB59-081B9B24CA50}"
EndProject
Project("{2150E333-8FDC-42A3-9474-1A3956D46DE8}") = "Tests", "Tests", "{32A6204E-DA33-45F0-ABFE-1E23FDA25F79}"
EndProject
Project("{9A19103F-16F7-4668-BE54-9A1E7A4F7556}") = "NetworkEngine.Tests.Front", "Tests\NetworkEngine.Tests.Front\NetworkEngine.Tests.Front.csproj", "{E1234567-E89B-12D3-A456-426614174000}"
EndProject
Project("{FAE04EC0-301F-11D3-BF4B-00C04F79EFBC}") = "NetworkServer.ProtoGenerator", "NetworkServer.ProtoGenerator\NetworkServer.ProtoGenerator.csproj", "{018D6675-4777-486C-AB28-25BC151127DB}"
EndProject
Project("{2150E333-8FDC-42A3-9474-1A3956D46DE8}") = "NetworkLib", "NetworkLib", "{6682C783-A7B4-4ABA-ABD0-08F39B983A1A}"
EndProject
Project("{FAE04EC0-301F-11D3-BF4B-00C04F79EFBC}") = "NetworkServer.FrontServer", "NetworkServer.FrontServer\NetworkServer.FrontServer.csproj", "{4E19632E-F05E-4C7B-B955-A69A33F0816C}"
EndProject
Project("{FAE04EC0-301F-11D3-BF4B-00C04F79EFBC}") = "NetworkServer.Common", "NetworkServer.Common\NetworkServer.Common.csproj", "{F2825C25-C210-4628-AF6F-85CB9F5F25C4}"
EndProject
Project("{FAE04EC0-301F-11D3-BF4B-00C04F79EFBC}") = "NetworkClient", "NetworkClient\NetworkClient.csproj", "{CD2C626D-A6E5-4D02-B050-A318BDFB6216}"
EndProject
Project("{FAE04EC0-301F-11D3-BF4B-00C04F79EFBC}") = "TestClient", "Tests\TestClient\TestClient.csproj", "{310F79E9-6BF1-4F8F-A1CB-2ECF92F8A72A}"
EndProject
Project("{2150E333-8FDC-42A3-9474-1A3956D46DE8}") = "Sample", "Sample", "{069445DD-62F2-4DF2-9197-AD0245213422}"
EndProject
Project("{FAE04EC0-301F-11D3-BF4B-00C04F79EFBC}") = "NetworkServer.Sample", "Sample\NetworkServer.Sample\NetworkServer.Sample.csproj", "{A1B2C3D4-E5F6-7890-ABCD-EF1234567890}"
EndProject
Global
	GlobalSection(SolutionConfigurationPlatforms) = preSolution
		Debug|Any CPU = Debug|Any CPU
		Release|Any CPU = Release|Any CPU
	EndGlobalSection
	GlobalSection(ProjectConfigurationPlatforms) = postSolution
		{24494245-BA98-4074-AE80-FE9EBC41FDB8}.Debug|Any CPU.ActiveCfg = Debug|Any CPU
		{24494245-BA98-4074-AE80-FE9EBC41FDB8}.Debug|Any CPU.Build.0 = Debug|Any CPU
		{24494245-BA98-4074-AE80-FE9EBC41FDB8}.Release|Any CPU.ActiveCfg = Release|Any CPU
		{24494245-BA98-4074-AE80-FE9EBC41FDB8}.Release|Any CPU.Build.0 = Release|Any CPU
		{703DFA76-3EB7-4902-BB59-081B9B24CA50}.Debug|Any CPU.ActiveCfg = Debug|Any CPU
		{703DFA76-3EB7-4902-BB59-081B9B24CA50}.Debug|Any CPU.Build.0 = Debug|Any CPU
		{703DFA76-3EB7-4902-BB59-081B9B24CA50}.Release|Any CPU.ActiveCfg = Release|Any CPU
		{703DFA76-3EB7-4902-BB59-081B9B24CA50}.Release|Any CPU.Build.0 = Release|Any CPU
		{E1234567-E89B-12D3-A456-426614174000}.Debug|Any CPU.ActiveCfg = Debug|Any CPU
		{E1234567-E89B-12D3-A456-426614174000}.Debug|Any CPU.Build.0 = Debug|Any CPU
		{E1234567-E89B-12D3-A456-426614174000}.Release|Any CPU.ActiveCfg = Release|Any CPU
		{E1234567-E89B-12D3-A456-426614174000}.Release|Any CPU.Build.0 = Release|Any CPU
		{018D6675-4777-486C-AB28-25BC151127DB}.Debug|Any CPU.ActiveCfg = Debug|Any CPU
		{018D6675-4777-486C-AB28-25BC151127DB}.Debug|Any CPU.Build.0 = Debug|Any CPU
		{018D6675-4777-486C-AB28-25BC151127DB}.Release|Any CPU.ActiveCfg = Release|Any CPU
		{018D6675-4777-486C-AB28-25BC151127DB}.Release|Any CPU.Build.0 = Release|Any CPU
		{4E19632E-F05E-4C7B-B955-A69A33F0816C}.Debug|Any CPU.ActiveCfg = Debug|Any CPU
		{4E19632E-F05E-4C7B-B955-A69A33F0816C}.Debug|Any CPU.Build.0 = Debug|Any CPU
		{4E19632E-F05E-4C7B-B955-A69A33F0816C}.Release|Any CPU.ActiveCfg = Release|Any CPU
		{4E19632E-F05E-4C7B-B955-A69A33F0816C}.Release|Any CPU.Build.0 = Release|Any CPU
		{F2825C25-C210-4628-AF6F-85CB9F5F25C4}.Debug|Any CPU.ActiveCfg = Debug|Any CPU
		{F2825C25-C210-4628-AF6F-85CB9F5F25C4}.Debug|Any CPU.Build.0 = Debug|Any CPU
		{F2825C25-C210-4628-AF6F-85CB9F5F25C4}.Release|Any CPU.ActiveCfg = Release|Any CPU
		{F2825C25-C210-4628-AF6F-85CB9F5F25C4}.Release|Any CPU.Build.0 = Release|Any CPU
		{CD2C626D-A6E5-4D02-B050-A318BDFB6216}.Debug|Any CPU.ActiveCfg = Debug|Any CPU
		{CD2C626D-A6E5-4D02-B050-A318BDFB6216}.Debug|Any CPU.Build.0 = Debug|Any CPU
		{CD2C626D-A6E5-4D02-B050-A318BDFB6216}.Release|Any CPU.ActiveCfg = Release|Any CPU
		{CD2C626D-A6E5-4D02-B050-A318BDFB6216}.Release|Any CPU.Build.0 = Release|Any CPU
		{310F79E9-6BF1-4F8F-A1CB-2ECF92F8A72A}.Debug|Any CPU.ActiveCfg = Debug|Any CPU
		{310F79E9-6BF1-4F8F-A1CB-2ECF92F8A72A}.Debug|Any CPU.Build.0 = Debug|Any CPU
		{310F79E9-6BF1-4F8F-A1CB-2ECF92F8A72A}.Release|Any CPU.ActiveCfg = Release|Any CPU
		{310F79E9-6BF1-4F8F-A1CB-2ECF92F8A72A}.Release|Any CPU.Build.0 = Release|Any CPU
		{A1B2C3D4-E5F6-7890-ABCD-EF1234567890}.Debug|Any CPU.ActiveCfg = Debug|Any CPU
		{A1B2C3D4-E5F6-7890-ABCD-EF1234567890}.Debug|Any CPU.Build.0 = Debug|Any CPU
		{A1B2C3D4-E5F6-7890-ABCD-EF1234567890}.Release|Any CPU.ActiveCfg = Release|Any CPU
		{A1B2C3D4-E5F6-7890-ABCD-EF1234567890}.Release|Any CPU.Build.0 = Release|Any CPU
	EndGlobalSection
	GlobalSection(SolutionProperties) = preSolution
		HideSolutionNode = FALSE
	EndGlobalSection
	GlobalSection(ExtensibilityGlobals) = postSolution
		SolutionGuid = {A46A0E42-20D1-43E2-936B-678950D96850}
	EndGlobalSection
	GlobalSection(NestedProjects) = preSolution
		{24494245-BA98-4074-AE80-FE9EBC41FDB8} = {25914A9F-81DE-4B82-898A-2E0D6876EE71}
		{E1234567-E89B-12D3-A456-426614174000} = {32A6204E-DA33-45F0-ABFE-1E23FDA25F79}
		{018D6675-4777-486C-AB28-25BC151127DB} = {6682C783-A7B4-4ABA-ABD0-08F39B983A1A}
		{25914A9F-81DE-4B82-898A-2E0D6876EE71} = {6682C783-A7B4-4ABA-ABD0-08F39B983A1A}
		{4E19632E-F05E-4C7B-B955-A69A33F0816C} = {6682C783-A7B4-4ABA-ABD0-08F39B983A1A}
		{F2825C25-C210-4628-AF6F-85CB9F5F25C4} = {6682C783-A7B4-4ABA-ABD0-08F39B983A1A}
		{703DFA76-3EB7-4902-BB59-081B9B24CA50} = {32A6204E-DA33-45F0-ABFE-1E23FDA25F79}
		{CD2C626D-A6E5-4D02-B050-A318BDFB6216} = {6682C783-A7B4-4ABA-ABD0-08F39B983A1A}
		{310F79E9-6BF1-4F8F-A1CB-2ECF92F8A72A} = {32A6204E-DA33-45F0-ABFE-1E23FDA25F79}
		{A1B2C3D4-E5F6-7890-ABCD-EF1234567890} = {069445DD-62F2-4DF2-9197-AD0245213422}
	EndGlobalSection
EndGlobal
